
Microsoft Visual Studio Solution File, Format Version 12.00
# Visual Studio Version 17
VisualStudioVersion = 17.11.35222.181
MinimumVisualStudioVersion = 10.0.40219.1
Project("{FAE04EC0-301F-11D3-BF4B-00C04F79EFBC}") = "Lab 7 – OOP Generic-SamiHarun_NET24", "Lab 7 – OOP Generic-SamiHarun_NET24\Lab 7 – OOP Generic-SamiHarun_NET24.csproj", "{A9ECE4F4-E261-4A5A-A056-80DECC0A1BEA}"
EndProject
Global
	GlobalSection(SolutionConfigurationPlatforms) = preSolution
		Debug|Any CPU = Debug|Any CPU
		Release|Any CPU = Release|Any CPU
	EndGlobalSection
	GlobalSection(ProjectConfigurationPlatforms) = postSolution
		{A9ECE4F4-E261-4A5A-A056-80DECC0A1BEA}.Debug|Any CPU.ActiveCfg = Debug|Any CPU
		{A9ECE4F4-E261-4A5A-A056-80DECC0A1BEA}.Debug|Any CPU.Build.0 = Debug|Any CPU
		{A9ECE4F4-E261-4A5A-A056-80DECC0A1BEA}.Release|Any CPU.ActiveCfg = Release|Any CPU
		{A9ECE4F4-E261-4A5A-A056-80DECC0A1BEA}.Release|Any CPU.Build.0 = Release|Any CPU
	EndGlobalSection
	GlobalSection(SolutionProperties) = preSolution
		HideSolutionNode = FALSE
	EndGlobalSection
	GlobalSection(ExtensibilityGlobals) = postSolution
		SolutionGuid = {4E2777D6-8198-4E25-834B-E7EA1440A777}
	EndGlobalSection
EndGlobal
